
Microsoft Visual Studio Solution File, Format Version 12.00
# Visual Studio Version 17
VisualStudioVersion = 17.9.34701.34
MinimumVisualStudioVersion = 10.0.40219.1
Project("{CC5FD16D-436D-48AD-A40C-5A424C6E3E79}") = "StudentService", "StudentService\StudentService.ccproj", "{35EEA8C0-1EF2-4D98-A933-C0019CBA99A2}"
EndProject
Project("{FAE04EC0-301F-11D3-BF4B-00C04F79EFBC}") = "JobWorker", "JobWorker\JobWorker.csproj", "{DAD90CCB-40EB-42CC-88A8-5A46FEDFB9A2}"
EndProject
Project("{FAE04EC0-301F-11D3-BF4B-00C04F79EFBC}") = "Contracts", "Contracts\Contracts.csproj", "{AB2C9A43-4DC1-46C0-9CBF-3040FF038FFF}"
EndProject
Project("{FAE04EC0-301F-11D3-BF4B-00C04F79EFBC}") = "StudentService_Data", "StudentService_Data\StudentService_Data.csproj", "{224800A7-46F8-4E3D-831E-78DC587611C0}"
EndProject
Project("{FAE04EC0-301F-11D3-BF4B-00C04F79EFBC}") = "JobInvoker", "JobInvoker\JobInvoker.csproj", "{45B993FE-5C3B-46E9-A918-473B11B59F6D}"
EndProject
Global
	GlobalSection(SolutionConfigurationPlatforms) = preSolution
		Debug|Any CPU = Debug|Any CPU
		Release|Any CPU = Release|Any CPU
	EndGlobalSection
	GlobalSection(ProjectConfigurationPlatforms) = postSolution
		{35EEA8C0-1EF2-4D98-A933-C0019CBA99A2}.Debug|Any CPU.ActiveCfg = Debug|Any CPU
		{35EEA8C0-1EF2-4D98-A933-C0019CBA99A2}.Debug|Any CPU.Build.0 = Debug|Any CPU
		{35EEA8C0-1EF2-4D98-A933-C0019CBA99A2}.Release|Any CPU.ActiveCfg = Release|Any CPU
		{35EEA8C0-1EF2-4D98-A933-C0019CBA99A2}.Release|Any CPU.Build.0 = Release|Any CPU
		{DAD90CCB-40EB-42CC-88A8-5A46FEDFB9A2}.Debug|Any CPU.ActiveCfg = Debug|Any CPU
		{DAD90CCB-40EB-42CC-88A8-5A46FEDFB9A2}.Debug|Any CPU.Build.0 = Debug|Any CPU
		{DAD90CCB-40EB-42CC-88A8-5A46FEDFB9A2}.Release|Any CPU.ActiveCfg = Release|Any CPU
		{DAD90CCB-40EB-42CC-88A8-5A46FEDFB9A2}.Release|Any CPU.Build.0 = Release|Any CPU
		{AB2C9A43-4DC1-46C0-9CBF-3040FF038FFF}.Debug|Any CPU.ActiveCfg = Debug|Any CPU
		{AB2C9A43-4DC1-46C0-9CBF-3040FF038FFF}.Debug|Any CPU.Build.0 = Debug|Any CPU
		{AB2C9A43-4DC1-46C0-9CBF-3040FF038FFF}.Release|Any CPU.ActiveCfg = Release|Any CPU
		{AB2C9A43-4DC1-46C0-9CBF-3040FF038FFF}.Release|Any CPU.Build.0 = Release|Any CPU
		{224800A7-46F8-4E3D-831E-78DC587611C0}.Debug|Any CPU.ActiveCfg = Debug|Any CPU
		{224800A7-46F8-4E3D-831E-78DC587611C0}.Debug|Any CPU.Build.0 = Debug|Any CPU
		{224800A7-46F8-4E3D-831E-78DC587611C0}.Release|Any CPU.ActiveCfg = Release|Any CPU
		{224800A7-46F8-4E3D-831E-78DC587611C0}.Release|Any CPU.Build.0 = Release|Any CPU
		{45B993FE-5C3B-46E9-A918-473B11B59F6D}.Debug|Any CPU.ActiveCfg = Debug|Any CPU
		{45B993FE-5C3B-46E9-A918-473B11B59F6D}.Debug|Any CPU.Build.0 = Debug|Any CPU
		{45B993FE-5C3B-46E9-A918-473B11B59F6D}.Release|Any CPU.ActiveCfg = Release|Any CPU
		{45B993FE-5C3B-46E9-A918-473B11B59F6D}.Release|Any CPU.Build.0 = Release|Any CPU
	EndGlobalSection
	GlobalSection(SolutionProperties) = preSolution
		HideSolutionNode = FALSE
	EndGlobalSection
	GlobalSection(ExtensibilityGlobals) = postSolution
		SolutionGuid = {B2A29A37-C4F0-40B1-AF17-23920556D0A8}
	EndGlobalSection
EndGlobal
